// !$*UTF8*$!
{
	archiveVersion = 1;
	classes = {
	};
	objectVersion = 56;
	objects = {

/* Begin PBXBuildFile section */
		95A4E1822C340F88003C4F46 /* AppDelegate.swift in Sources */ = {isa = PBXBuildFile; fileRef = 95A4E1812C340F88003C4F46 /* AppDelegate.swift */; };
		95A4E1842C340F88003C4F46 /* SceneDelegate.swift in Sources */ = {isa = PBXBuildFile; fileRef = 95A4E1832C340F88003C4F46 /* SceneDelegate.swift */; };
		95A4E1862C340F88003C4F46 /* ViewController.swift in Sources */ = {isa = PBXBuildFile; fileRef = 95A4E1852C340F88003C4F46 /* ViewController.swift */; };
		95A4E1892C340F88003C4F46 /* Base in Resources */ = {isa = PBXBuildFile; fileRef = 95A4E1882C340F88003C4F46 /* Base */; };
		95A4E18B2C340F8A003C4F46 /* Assets.xcassets in Resources */ = {isa = PBXBuildFile; fileRef = 95A4E18A2C340F8A003C4F46 /* Assets.xcassets */; };
		95A4E18E2C340F8A003C4F46 /* Base in Resources */ = {isa = PBXBuildFile; fileRef = 95A4E18D2C340F8A003C4F46 /* Base */; };
		95A4E1962C34128E003C4F46 /* ProfileViewController.swift in Sources */ = {isa = PBXBuildFile; fileRef = 95A4E1952C34128E003C4F46 /* ProfileViewController.swift */; };
		95A4E1982C341336003C4F46 /* User.swift in Sources */ = {isa = PBXBuildFile; fileRef = 95A4E1972C341336003C4F46 /* User.swift */; };
		95A4E19A2C341FA6003C4F46 /* LibraryVC.storyboard in Resources */ = {isa = PBXBuildFile; fileRef = 95A4E1992C341FA6003C4F46 /* LibraryVC.storyboard */; };
		95A4E1A02C342125003C4F46 /* LibraryViewController.swift in Sources */ = {isa = PBXBuildFile; fileRef = 95A4E19F2C342125003C4F46 /* LibraryViewController.swift */; };
		95A4E1A22C342255003C4F46 /* FavouritesVC.storyboard in Resources */ = {isa = PBXBuildFile; fileRef = 95A4E1A12C342255003C4F46 /* FavouritesVC.storyboard */; };
		95A4E1A42C342274003C4F46 /* FavouritesViewController.swift in Sources */ = {isa = PBXBuildFile; fileRef = 95A4E1A32C342274003C4F46 /* FavouritesViewController.swift */; };
		95A4E1EA2C350B74003C4F46 /* MainTabController.swift in Sources */ = {isa = PBXBuildFile; fileRef = 95A4E1E92C350B74003C4F46 /* MainTabController.swift */; };
		95A4E1EE2C352E6B003C4F46 /* BookTableViewCell.swift in Sources */ = {isa = PBXBuildFile; fileRef = 95A4E1ED2C352E6B003C4F46 /* BookTableViewCell.swift */; };
/* End PBXBuildFile section */

/* Begin PBXFileReference section */
		95A4E17E2C340F88003C4F46 /* BooksApp.app */ = {isa = PBXFileReference; explicitFileType = wrapper.application; includeInIndex = 0; path = BooksApp.app; sourceTree = BUILT_PRODUCTS_DIR; };
		95A4E1812C340F88003C4F46 /* AppDelegate.swift */ = {isa = PBXFileReference; lastKnownFileType = sourcecode.swift; path = AppDelegate.swift; sourceTree = "<group>"; };
		95A4E1832C340F88003C4F46 /* SceneDelegate.swift */ = {isa = PBXFileReference; lastKnownFileType = sourcecode.swift; path = SceneDelegate.swift; sourceTree = "<group>"; };
		95A4E1852C340F88003C4F46 /* ViewController.swift */ = {isa = PBXFileReference; lastKnownFileType = sourcecode.swift; path = ViewController.swift; sourceTree = "<group>"; };
		95A4E1882C340F88003C4F46 /* Base */ = {isa = PBXFileReference; lastKnownFileType = file.storyboard; name = Base; path = Base.lproj/Main.storyboard; sourceTree = "<group>"; };
		95A4E18A2C340F8A003C4F46 /* Assets.xcassets */ = {isa = PBXFileReference; lastKnownFileType = folder.assetcatalog; path = Assets.xcassets; sourceTree = "<group>"; };
		95A4E18D2C340F8A003C4F46 /* Base */ = {isa = PBXFileReference; lastKnownFileType = file.storyboard; name = Base; path = Base.lproj/LaunchScreen.storyboard; sourceTree = "<group>"; };
		95A4E18F2C340F8A003C4F46 /* Info.plist */ = {isa = PBXFileReference; lastKnownFileType = text.plist.xml; path = Info.plist; sourceTree = "<group>"; };
		95A4E1952C34128E003C4F46 /* ProfileViewController.swift */ = {isa = PBXFileReference; lastKnownFileType = sourcecode.swift; path = ProfileViewController.swift; sourceTree = "<group>"; };
		95A4E1972C341336003C4F46 /* User.swift */ = {isa = PBXFileReference; lastKnownFileType = sourcecode.swift; path = User.swift; sourceTree = "<group>"; };
		95A4E1992C341FA6003C4F46 /* LibraryVC.storyboard */ = {isa = PBXFileReference; lastKnownFileType = file.storyboard; path = LibraryVC.storyboard; sourceTree = "<group>"; };
		95A4E19F2C342125003C4F46 /* LibraryViewController.swift */ = {isa = PBXFileReference; lastKnownFileType = sourcecode.swift; path = LibraryViewController.swift; sourceTree = "<group>"; };
		95A4E1A12C342255003C4F46 /* FavouritesVC.storyboard */ = {isa = PBXFileReference; lastKnownFileType = file.storyboard; path = FavouritesVC.storyboard; sourceTree = "<group>"; };
		95A4E1A32C342274003C4F46 /* FavouritesViewController.swift */ = {isa = PBXFileReference; lastKnownFileType = sourcecode.swift; path = FavouritesViewController.swift; sourceTree = "<group>"; };
		95A4E1E92C350B74003C4F46 /* MainTabController.swift */ = {isa = PBXFileReference; lastKnownFileType = sourcecode.swift; path = MainTabController.swift; sourceTree = "<group>"; };
		95A4E1ED2C352E6B003C4F46 /* BookTableViewCell.swift */ = {isa = PBXFileReference; lastKnownFileType = sourcecode.swift; path = BookTableViewCell.swift; sourceTree = "<group>"; };
/* End PBXFileReference section */

/* Begin PBXFrameworksBuildPhase section */
		95A4E17B2C340F88003C4F46 /* Frameworks */ = {
			isa = PBXFrameworksBuildPhase;
			buildActionMask = 2147483647;
			files = (
			);
			runOnlyForDeploymentPostprocessing = 0;
		};
/* End PBXFrameworksBuildPhase section */

/* Begin PBXGroup section */
		95A4E1752C340F88003C4F46 = {
			isa = PBXGroup;
			children = (
				95A4E1802C340F88003C4F46 /* BooksApp */,
				95A4E17F2C340F88003C4F46 /* Products */,
			);
			sourceTree = "<group>";
		};
		95A4E17F2C340F88003C4F46 /* Products */ = {
			isa = PBXGroup;
			children = (
				95A4E17E2C340F88003C4F46 /* BooksApp.app */,
			);
			name = Products;
			sourceTree = "<group>";
		};
		95A4E1802C340F88003C4F46 /* BooksApp */ = {
			isa = PBXGroup;
			children = (
				95A4E1812C340F88003C4F46 /* AppDelegate.swift */,
				95A4E1832C340F88003C4F46 /* SceneDelegate.swift */,
				95A4E1852C340F88003C4F46 /* ViewController.swift */,
				95A4E1872C340F88003C4F46 /* Main.storyboard */,
				95A4E1992C341FA6003C4F46 /* LibraryVC.storyboard */,
				95A4E19F2C342125003C4F46 /* LibraryViewController.swift */,
				95A4E1952C34128E003C4F46 /* ProfileViewController.swift */,
				95A4E18A2C340F8A003C4F46 /* Assets.xcassets */,
				95A4E18C2C340F8A003C4F46 /* LaunchScreen.storyboard */,
				95A4E18F2C340F8A003C4F46 /* Info.plist */,
				95A4E1972C341336003C4F46 /* User.swift */,
				95A4E1A12C342255003C4F46 /* FavouritesVC.storyboard */,
				95A4E1A32C342274003C4F46 /* FavouritesViewController.swift */,
				95A4E1E92C350B74003C4F46 /* MainTabController.swift */,
				95A4E1ED2C352E6B003C4F46 /* BookTableViewCell.swift */,
			);
			path = BooksApp;
			sourceTree = "<group>";
		};
/* End PBXGroup section */

/* Begin PBXNativeTarget section */
		95A4E17D2C340F88003C4F46 /* BooksApp */ = {
			isa = PBXNativeTarget;
			buildConfigurationList = 95A4E1922C340F8A003C4F46 /* Build configuration list for PBXNativeTarget "BooksApp" */;
			buildPhases = (
				95A4E17A2C340F88003C4F46 /* Sources */,
				95A4E17B2C340F88003C4F46 /* Frameworks */,
				95A4E17C2C340F88003C4F46 /* Resources */,
			);
			buildRules = (
			);
			dependencies = (
			);
			name = BooksApp;
			productName = BooksApp;
			productReference = 95A4E17E2C340F88003C4F46 /* BooksApp.app */;
			productType = "com.apple.product-type.application";
		};
/* End PBXNativeTarget section */

/* Begin PBXProject section */
		95A4E1762C340F88003C4F46 /* Project object */ = {
			isa = PBXProject;
			attributes = {
				BuildIndependentTargetsInParallel = 1;
				LastSwiftUpdateCheck = 1540;
				LastUpgradeCheck = 1540;
				TargetAttributes = {
					95A4E17D2C340F88003C4F46 = {
						CreatedOnToolsVersion = 15.4;
					};
				};
			};
			buildConfigurationList = 95A4E1792C340F88003C4F46 /* Build configuration list for PBXProject "BooksApp" */;
			compatibilityVersion = "Xcode 14.0";
			developmentRegion = en;
			hasScannedForEncodings = 0;
			knownRegions = (
				en,
				Base,
			);
			mainGroup = 95A4E1752C340F88003C4F46;
			productRefGroup = 95A4E17F2C340F88003C4F46 /* Products */;
			projectDirPath = "";
			projectRoot = "";
			targets = (
				95A4E17D2C340F88003C4F46 /* BooksApp */,
			);
		};
/* End PBXProject section */

/* Begin PBXResourcesBuildPhase section */
		95A4E17C2C340F88003C4F46 /* Resources */ = {
			isa = PBXResourcesBuildPhase;
			buildActionMask = 2147483647;
			files = (
				95A4E18B2C340F8A003C4F46 /* Assets.xcassets in Resources */,
				95A4E19A2C341FA6003C4F46 /* LibraryVC.storyboard in Resources */,
				95A4E1A22C342255003C4F46 /* FavouritesVC.storyboard in Resources */,
				95A4E18E2C340F8A003C4F46 /* Base in Resources */,
				95A4E1892C340F88003C4F46 /* Base in Resources */,
			);
			runOnlyForDeploymentPostprocessing = 0;
		};
/* End PBXResourcesBuildPhase section */

/* Begin PBXSourcesBuildPhase section */
		95A4E17A2C340F88003C4F46 /* Sources */ = {
			isa = PBXSourcesBuildPhase;
			buildActionMask = 2147483647;
			files = (
				95A4E1862C340F88003C4F46 /* ViewController.swift in Sources */,
				95A4E1822C340F88003C4F46 /* AppDelegate.swift in Sources */,
				95A4E1EA2C350B74003C4F46 /* MainTabController.swift in Sources */,
				95A4E1962C34128E003C4F46 /* ProfileViewController.swift in Sources */,
				95A4E1EE2C352E6B003C4F46 /* BookTableViewCell.swift in Sources */,
				95A4E1982C341336003C4F46 /* User.swift in Sources */,
				95A4E1A02C342125003C4F46 /* LibraryViewController.swift in Sources */,
				95A4E1A42C342274003C4F46 /* FavouritesViewController.swift in Sources */,
				95A4E1842C340F88003C4F46 /* SceneDelegate.swift in Sources */,
			);
			runOnlyForDeploymentPostprocessing = 0;
		};
/* End PBXSourcesBuildPhase section */

/* Begin PBXVariantGroup section */
		95A4E1872C340F88003C4F46 /* Main.storyboard */ = {
			isa = PBXVariantGroup;
			children = (
				95A4E1882C340F88003C4F46 /* Base */,
			);
			name = Main.storyboard;
			sourceTree = "<group>";
		};
		95A4E18C2C340F8A003C4F46 /* LaunchScreen.storyboard */ = {
			isa = PBXVariantGroup;
			children = (
				95A4E18D2C340F8A003C4F46 /* Base */,
			);
			name = LaunchScreen.storyboard;
			sourceTree = "<group>";
		};
/* End PBXVariantGroup section */

/* Begin XCBuildConfiguration section */
		95A4E1902C340F8A003C4F46 /* Debug */ = {
			isa = XCBuildConfiguration;
			buildSettings = {
				ALWAYS_SEARCH_USER_PATHS = NO;
				ASSETCATALOG_COMPILER_GENERATE_SWIFT_ASSET_SYMBOL_EXTENSIONS = YES;
				CLANG_ANALYZER_NONNULL = YES;
				CLANG_ANALYZER_NUMBER_OBJECT_CONVERSION = YES_AGGRESSIVE;
				CLANG_CXX_LANGUAGE_STANDARD = "gnu++20";
				CLANG_ENABLE_MODULES = YES;
				CLANG_ENABLE_OBJC_ARC = YES;
				CLANG_ENABLE_OBJC_WEAK = YES;
				CLANG_WARN_BLOCK_CAPTURE_AUTORELEASING = YES;
				CLANG_WARN_BOOL_CONVERSION = YES;
				CLANG_WARN_COMMA = YES;
				CLANG_WARN_CONSTANT_CONVERSION = YES;
				CLANG_WARN_DEPRECATED_OBJC_IMPLEMENTATIONS = YES;
				CLANG_WARN_DIRECT_OBJC_ISA_USAGE = YES_ERROR;
				CLANG_WARN_DOCUMENTATION_COMMENTS = YES;
				CLANG_WARN_EMPTY_BODY = YES;
				CLANG_WARN_ENUM_CONVERSION = YES;
				CLANG_WARN_INFINITE_RECURSION = YES;
				CLANG_WARN_INT_CONVERSION = YES;
				CLANG_WARN_NON_LITERAL_NULL_CONVERSION = YES;
				CLANG_WARN_OBJC_IMPLICIT_RETAIN_SELF = YES;
				CLANG_WARN_OBJC_LITERAL_CONVERSION = YES;
				CLANG_WARN_OBJC_ROOT_CLASS = YES_ERROR;
				CLANG_WARN_QUOTED_INCLUDE_IN_FRAMEWORK_HEADER = YES;
				CLANG_WARN_RANGE_LOOP_ANALYSIS = YES;
				CLANG_WARN_STRICT_PROTOTYPES = YES;
				CLANG_WARN_SUSPICIOUS_MOVE = YES;
				CLANG_WARN_UNGUARDED_AVAILABILITY = YES_AGGRESSIVE;
				CLANG_WARN_UNREACHABLE_CODE = YES;
				CLANG_WARN__DUPLICATE_METHOD_MATCH = YES;
				COPY_PHASE_STRIP = NO;
				DEBUG_INFORMATION_FORMAT = dwarf;
				ENABLE_STRICT_OBJC_MSGSEND = YES;
				ENABLE_TESTABILITY = YES;
				ENABLE_USER_SCRIPT_SANDBOXING = YES;
				GCC_C_LANGUAGE_STANDARD = gnu17;
				GCC_DYNAMIC_NO_PIC = NO;
				GCC_NO_COMMON_BLOCKS = YES;
				GCC_OPTIMIZATION_LEVEL = 0;
				GCC_PREPROCESSOR_DEFINITIONS = (
					"DEBUG=1",
					"$(inherited)",
				);
				GCC_WARN_64_TO_32_BIT_CONVERSION = YES;
				GCC_WARN_ABOUT_RETURN_TYPE = YES_ERROR;
				GCC_WARN_UNDECLARED_SELECTOR = YES;
				GCC_WARN_UNINITIALIZED_AUTOS = YES_AGGRESSIVE;
				GCC_WARN_UNUSED_FUNCTION = YES;
				GCC_WARN_UNUSED_VARIABLE = YES;
				IPHONEOS_DEPLOYMENT_TARGET = 17.5;
				LOCALIZATION_PREFERS_STRING_CATALOGS = YES;
				MTL_ENABLE_DEBUG_INFO = INCLUDE_SOURCE;
				MTL_FAST_MATH = YES;
				ONLY_ACTIVE_ARCH = YES;
				SDKROOT = iphoneos;
				SWIFT_ACTIVE_COMPILATION_CONDITIONS = "DEBUG $(inherited)";
				SWIFT_OPTIMIZATION_LEVEL = "-Onone";
			};
			name = Debug;
		};
		95A4E1912C340F8A003C4F46 /* Release */ = {
			isa = XCBuildConfiguration;
			buildSettings = {
				ALWAYS_SEARCH_USER_PATHS = NO;
				ASSETCATALOG_COMPILER_GENERATE_SWIFT_ASSET_SYMBOL_EXTENSIONS = YES;
				CLANG_ANALYZER_NONNULL = YES;
				CLANG_ANALYZER_NUMBER_OBJECT_CONVERSION = YES_AGGRESSIVE;
				CLANG_CXX_LANGUAGE_STANDARD = "gnu++20";
				CLANG_ENABLE_MODULES = YES;
				CLANG_ENABLE_OBJC_ARC = YES;
				CLANG_ENABLE_OBJC_WEAK = YES;
				CLANG_WARN_BLOCK_CAPTURE_AUTORELEASING = YES;
				CLANG_WARN_BOOL_CONVERSION = YES;
				CLANG_WARN_COMMA = YES;
				CLANG_WARN_CONSTANT_CONVERSION = YES;
				CLANG_WARN_DEPRECATED_OBJC_IMPLEMENTATIONS = YES;
				CLANG_WARN_DIRECT_OBJC_ISA_USAGE = YES_ERROR;
				CLANG_WARN_DOCUMENTATION_COMMENTS = YES;
				CLANG_WARN_EMPTY_BODY = YES;
				CLANG_WARN_ENUM_CONVERSION = YES;
				CLANG_WARN_INFINITE_RECURSION = YES;
				CLANG_WARN_INT_CONVERSION = YES;
				CLANG_WARN_NON_LITERAL_NULL_CONVERSION = YES;
				CLANG_WARN_OBJC_IMPLICIT_RETAIN_SELF = YES;
				CLANG_WARN_OBJC_LITERAL_CONVERSION = YES;
				CLANG_WARN_OBJC_ROOT_CLASS = YES_ERROR;
				CLANG_WARN_QUOTED_INCLUDE_IN_FRAMEWORK_HEADER = YES;
				CLANG_WARN_RANGE_LOOP_ANALYSIS = YES;
				CLANG_WARN_STRICT_PROTOTYPES = YES;
				CLANG_WARN_SUSPICIOUS_MOVE = YES;
				CLANG_WARN_UNGUARDED_AVAILABILITY = YES_AGGRESSIVE;
				CLANG_WARN_UNREACHABLE_CODE = YES;
				CLANG_WARN__DUPLICATE_METHOD_MATCH = YES;
				COPY_PHASE_STRIP = NO;
				DEBUG_INFORMATION_FORMAT = "dwarf-with-dsym";
				ENABLE_NS_ASSERTIONS = NO;
				ENABLE_STRICT_OBJC_MSGSEND = YES;
				ENABLE_USER_SCRIPT_SANDBOXING = YES;
				GCC_C_LANGUAGE_STANDARD = gnu17;
				GCC_NO_COMMON_BLOCKS = YES;
				GCC_WARN_64_TO_32_BIT_CONVERSION = YES;
				GCC_WARN_ABOUT_RETURN_TYPE = YES_ERROR;
				GCC_WARN_UNDECLARED_SELECTOR = YES;
				GCC_WARN_UNINITIALIZED_AUTOS = YES_AGGRESSIVE;
				GCC_WARN_UNUSED_FUNCTION = YES;
				GCC_WARN_UNUSED_VARIABLE = YES;
				IPHONEOS_DEPLOYMENT_TARGET = 17.5;
				LOCALIZATION_PREFERS_STRING_CATALOGS = YES;
				MTL_ENABLE_DEBUG_INFO = NO;
				MTL_FAST_MATH = YES;
				SDKROOT = iphoneos;
				SWIFT_COMPILATION_MODE = wholemodule;
				VALIDATE_PRODUCT = YES;
			};
			name = Release;
		};
		95A4E1932C340F8A003C4F46 /* Debug */ = {
			isa = XCBuildConfiguration;
			buildSettings = {
				ASSETCATALOG_COMPILER_APPICON_NAME = AppIcon;
				ASSETCATALOG_COMPILER_GLOBAL_ACCENT_COLOR_NAME = AccentColor;
				CODE_SIGN_STYLE = Automatic;
				CURRENT_PROJECT_VERSION = 1;
				GENERATE_INFOPLIST_FILE = YES;
				INFOPLIST_FILE = BooksApp/Info.plist;
				INFOPLIST_KEY_UIApplicationSupportsIndirectInputEvents = YES;
				INFOPLIST_KEY_UILaunchStoryboardName = LaunchScreen;
				INFOPLIST_KEY_UIMainStoryboardFile = Main;
				INFOPLIST_KEY_UISupportedInterfaceOrientations_iPad = "UIInterfaceOrientationPortrait UIInterfaceOrientationPortraitUpsideDown UIInterfaceOrientationLandscapeLeft UIInterfaceOrientationLandscapeRight";
				INFOPLIST_KEY_UISupportedInterfaceOrientations_iPhone = "UIInterfaceOrientationPortrait UIInterfaceOrientationLandscapeLeft UIInterfaceOrientationLandscapeRight";
				LD_RUNPATH_SEARCH_PATHS = (
					"$(inherited)",
					"@executable_path/Frameworks",
				);
				MARKETING_VERSION = 1.0;
				PRODUCT_BUNDLE_IDENTIFIER = com.myProgram.BooksApp;
				PRODUCT_NAME = "$(TARGET_NAME)";
				SWIFT_EMIT_LOC_STRINGS = YES;
				SWIFT_VERSION = 5.0;
				TARGETED_DEVICE_FAMILY = "1,2";
			};
			name = Debug;
		};
		95A4E1942C340F8A003C4F46 /* Release */ = {
			isa = XCBuildConfiguration;
			buildSettings = {
				ASSETCATALOG_COMPILER_APPICON_NAME = AppIcon;
				ASSETCATALOG_COMPILER_GLOBAL_ACCENT_COLOR_NAME = AccentColor;
				CODE_SIGN_STYLE = Automatic;
				CURRENT_PROJECT_VERSION = 1;
				GENERATE_INFOPLIST_FILE = YES;
				INFOPLIST_FILE = BooksApp/Info.plist;
				INFOPLIST_KEY_UIApplicationSupportsIndirectInputEvents = YES;
				INFOPLIST_KEY_UILaunchStoryboardName = LaunchScreen;
				INFOPLIST_KEY_UIMainStoryboardFile = Main;
				INFOPLIST_KEY_UISupportedInterfaceOrientations_iPad = "UIInterfaceOrientationPortrait UIInterfaceOrientationPortraitUpsideDown UIInterfaceOrientationLandscapeLeft UIInterfaceOrientationLandscapeRight";
				INFOPLIST_KEY_UISupportedInterfaceOrientations_iPhone = "UIInterfaceOrientationPortrait UIInterfaceOrientationLandscapeLeft UIInterfaceOrientationLandscapeRight";
				LD_RUNPATH_SEARCH_PATHS = (
					"$(inherited)",
					"@executable_path/Frameworks",
				);
				MARKETING_VERSION = 1.0;
				PRODUCT_BUNDLE_IDENTIFIER = com.myProgram.BooksApp;
				PRODUCT_NAME = "$(TARGET_NAME)";
				SWIFT_EMIT_LOC_STRINGS = YES;
				SWIFT_VERSION = 5.0;
				TARGETED_DEVICE_FAMILY = "1,2";
			};
			name = Release;
		};
/* End XCBuildConfiguration section */

/* Begin XCConfigurationList section */
		95A4E1792C340F88003C4F46 /* Build configuration list for PBXProject "BooksApp" */ = {
			isa = XCConfigurationList;
			buildConfigurations = (
				95A4E1902C340F8A003C4F46 /* Debug */,
				95A4E1912C340F8A003C4F46 /* Release */,
			);
			defaultConfigurationIsVisible = 0;
			defaultConfigurationName = Release;
		};
		95A4E1922C340F8A003C4F46 /* Build configuration list for PBXNativeTarget "BooksApp" */ = {
			isa = XCConfigurationList;
			buildConfigurations = (
				95A4E1932C340F8A003C4F46 /* Debug */,
				95A4E1942C340F8A003C4F46 /* Release */,
			);
			defaultConfigurationIsVisible = 0;
			defaultConfigurationName = Release;
		};
/* End XCConfigurationList section */
	};
	rootObject = 95A4E1762C340F88003C4F46 /* Project object */;
}
